
Microsoft Visual Studio Solution File, Format Version 12.00
# Visual Studio Version 17
VisualStudioVersion = 17.5.33424.131
MinimumVisualStudioVersion = 10.0.40219.1
Project("{FAE04EC0-301F-11D3-BF4B-00C04F79EFBC}") = "WireCart", "WireCart\WireCart.csproj", "{016906C4-CBD3-49BD-B0B2-C0DD5C68B262}"
EndProject
Global
	GlobalSection(SolutionConfigurationPlatforms) = preSolution
		Debug|Any CPU = Debug|Any CPU
		Release|Any CPU = Release|Any CPU
	EndGlobalSection
	GlobalSection(ProjectConfigurationPlatforms) = postSolution
		{016906C4-CBD3-49BD-B0B2-C0DD5C68B262}.Debug|Any CPU.ActiveCfg = Debug|Any CPU
		{016906C4-CBD3-49BD-B0B2-C0DD5C68B262}.Debug|Any CPU.Build.0 = Debug|Any CPU
		{016906C4-CBD3-49BD-B0B2-C0DD5C68B262}.Release|Any CPU.ActiveCfg = Release|Any CPU
		{016906C4-CBD3-49BD-B0B2-C0DD5C68B262}.Release|Any CPU.Build.0 = Release|Any CPU
	EndGlobalSection
	GlobalSection(SolutionProperties) = preSolution
		HideSolutionNode = FALSE
	EndGlobalSection
	GlobalSection(ExtensibilityGlobals) = postSolution
		SolutionGuid = {5BACA2C2-FF44-4ED4-B60D-5115E5CEAAF0}
	EndGlobalSection
EndGlobal
